{
  "name": "Hk_WEB_Dev",
  "lockfileVersion": 3,
  "requires": true,
  "packages": {
    "": {
      "dependencies": {
        "01": "file:01-js"
      }
    },
    "01-js": {
      "name": "01",
      "version": "1.0.0",
      "license": "ISC"
    },
    "node_modules/01": {
      "resolved": "01-js",
      "link": true
    }
  }
}
